// !$*UTF8*$!
{
	archiveVersion = 1;
	classes = {
	};
	objectVersion = 52;
	objects = {

/* Begin PBXBuildFile section */
		1839F4B025190F2A00BB00F1 /* AppMain.swift in Sources */ = {isa = PBXBuildFile; fileRef = 1839F4AF25190F2A00BB00F1 /* AppMain.swift */; };
		18D775C722AD944400AE281E /* Assets.xcassets in Resources */ = {isa = PBXBuildFile; fileRef = 18D775C622AD944400AE281E /* Assets.xcassets */; };
		18D775CA22AD944400AE281E /* Preview Assets.xcassets in Resources */ = {isa = PBXBuildFile; fileRef = 18D775C922AD944400AE281E /* Preview Assets.xcassets */; };
		18D775D822AD963800AE281E /* LaunchScreen.storyboard in Resources */ = {isa = PBXBuildFile; fileRef = 18D775DA22AD963800AE281E /* LaunchScreen.storyboard */; };
		9503DF3B289E069200595514 /* ChildViewSizeReader.swift in Sources */ = {isa = PBXBuildFile; fileRef = 9503DF3A289E069200595514 /* ChildViewSizeReader.swift */; };
		9506B87A284A19E600AFF749 /* Date+Extension.swift in Sources */ = {isa = PBXBuildFile; fileRef = 9506B879284A19E600AFF749 /* Date+Extension.swift */; };
		950F555727EB04AC00480F17 /* yolov5-pipeline.mlmodel in Sources */ = {isa = PBXBuildFile; fileRef = 950F555627EB04AC00480F17 /* yolov5-pipeline.mlmodel */; };
		950F555D27EEE71900480F17 /* ObservableState.swift in Sources */ = {isa = PBXBuildFile; fileRef = 950F555C27EEE71900480F17 /* ObservableState.swift */; };
		950F556227F149B100480F17 /* Annotation.swift in Sources */ = {isa = PBXBuildFile; fileRef = 950F556127F149B100480F17 /* Annotation.swift */; };
		95107FF427D73FB600C9C83D /* RoundedString.swift in Sources */ = {isa = PBXBuildFile; fileRef = 95107FF327D73FB600C9C83D /* RoundedString.swift */; };
		9516BD6A28B0D77C001A8D18 /* LandmarkToStateDistanceRuleView.swift in Sources */ = {isa = PBXBuildFile; fileRef = 9516BD6928B0D77B001A8D18 /* LandmarkToStateDistanceRuleView.swift */; };
		9516BD6C28B21A7D001A8D18 /* AngleToLandmarkRuleView.swift in Sources */ = {isa = PBXBuildFile; fileRef = 9516BD6B28B21A7D001A8D18 /* AngleToLandmarkRuleView.swift */; };
		95171C9727CE140B0051249D /* Sporter.swift in Sources */ = {isa = PBXBuildFile; fileRef = 95171C9627CE140B0051249D /* Sporter.swift */; };
		9518D31427799B0D0083C215 /* robot.scn in Resources */ = {isa = PBXBuildFile; fileRef = 9518D31627799B0D0083C215 /* robot.scn */; };
		951ABE40283A0CE0009AB8F6 /* FrameView.swift in Sources */ = {isa = PBXBuildFile; fileRef = 951ABE3F283A0CE0009AB8F6 /* FrameView.swift */; };
		951ABE42283A13A9009AB8F6 /* MediaPicker.swift in Sources */ = {isa = PBXBuildFile; fileRef = 951ABE41283A13A9009AB8F6 /* MediaPicker.swift */; };
		951ABE44283A3344009AB8F6 /* UniScrollView.swift in Sources */ = {isa = PBXBuildFile; fileRef = 951ABE43283A3344009AB8F6 /* UniScrollView.swift */; };
		951ABE46283A5526009AB8F6 /* PoseView.swift in Sources */ = {isa = PBXBuildFile; fileRef = 951ABE45283A5526009AB8F6 /* PoseView.swift */; };
		951ABE48283A6A01009AB8F6 /* ObjectsView.swift in Sources */ = {isa = PBXBuildFile; fileRef = 951ABE47283A6A01009AB8F6 /* ObjectsView.swift */; };
		951ABE4A283A6BF8009AB8F6 /* CGRect+Extension.swift in Sources */ = {isa = PBXBuildFile; fileRef = 951ABE49283A6BF8009AB8F6 /* CGRect+Extension.swift */; };
		951ABE4C283B2555009AB8F6 /* MultiSelector.swift in Sources */ = {isa = PBXBuildFile; fileRef = 951ABE4B283B2555009AB8F6 /* MultiSelector.swift */; };
		951FB324283747AB00A62931 /* LoginView.swift in Sources */ = {isa = PBXBuildFile; fileRef = 951FB323283747AB00A62931 /* LoginView.swift */; };
		951FB326283789C200A62931 /* ServiceManager.swift in Sources */ = {isa = PBXBuildFile; fileRef = 951FB325283789C200A62931 /* ServiceManager.swift */; };
		951FB329283892F700A62931 /* SportsManagerView.swift in Sources */ = {isa = PBXBuildFile; fileRef = 951FB328283892F700A62931 /* SportsManagerView.swift */; };
		951FB32B283893A100A62931 /* CardView.swift in Sources */ = {isa = PBXBuildFile; fileRef = 951FB32A283893A100A62931 /* CardView.swift */; };
		951FB32D2838CDF600A62931 /* SportView.swift in Sources */ = {isa = PBXBuildFile; fileRef = 951FB32C2838CDF600A62931 /* SportView.swift */; };
		951FB32F2839E57700A62931 /* RuleView.swift in Sources */ = {isa = PBXBuildFile; fileRef = 951FB32E2839E57700A62931 /* RuleView.swift */; };
		951FB3342839EB1500A62931 /* FramesView.swift in Sources */ = {isa = PBXBuildFile; fileRef = 951FB3332839EB1500A62931 /* FramesView.swift */; };
		9532A74C27C16A2A0071AF82 /* YOLOv3.mlmodel in Sources */ = {isa = PBXBuildFile; fileRef = 9532A74B27C16A2A0071AF82 /* YOLOv3.mlmodel */; };
		95435E582845ABD0007139A6 /* VideoAnalysorView.swift in Sources */ = {isa = PBXBuildFile; fileRef = 95435E572845ABD0007139A6 /* VideoAnalysorView.swift */; };
		954385AD28A35DBF0067AB31 /* LandmarkSegmentRule.swift in Sources */ = {isa = PBXBuildFile; fileRef = 954385AC28A35DBF0067AB31 /* LandmarkSegmentRule.swift */; };
		954385AF28A36BB10067AB31 /* LandmarkRule.swift in Sources */ = {isa = PBXBuildFile; fileRef = 954385AE28A36BB10067AB31 /* LandmarkRule.swift */; };
		9545750527BB846100129153 /* ObjectRecoginzerYOLO.swift in Sources */ = {isa = PBXBuildFile; fileRef = 9545750427BB846100129153 /* ObjectRecoginzerYOLO.swift */; };
		9545750F27BBA98A00129153 /* Observation.swift in Sources */ = {isa = PBXBuildFile; fileRef = 9545750E27BBA98A00129153 /* Observation.swift */; };
		9545751327BD1B1600129153 /* StandAndJump.swift in Sources */ = {isa = PBXBuildFile; fileRef = 9545751227BD1B1500129153 /* StandAndJump.swift */; };
		954AA30A289BBAEB001BEAAF /* SportReportView.swift in Sources */ = {isa = PBXBuildFile; fileRef = 954AA307289BBAEA001BEAAF /* SportReportView.swift */; };
		954AA30B289BBAEB001BEAAF /* CameraPlayingView.swift in Sources */ = {isa = PBXBuildFile; fileRef = 954AA308289BBAEB001BEAAF /* CameraPlayingView.swift */; };
		954AA30C289BBAEB001BEAAF /* SporterView.swift in Sources */ = {isa = PBXBuildFile; fileRef = 954AA309289BBAEB001BEAAF /* SporterView.swift */; };
		954AA32C289BBD6A001BEAAF /* CameraViewModel.swift in Sources */ = {isa = PBXBuildFile; fileRef = 954AA32A289BBD6A001BEAAF /* CameraViewModel.swift */; };
		954AA32D289BBD6A001BEAAF /* SportsReport.swift in Sources */ = {isa = PBXBuildFile; fileRef = 954AA32B289BBD6A001BEAAF /* SportsReport.swift */; };
		954AA335289BBE6E001BEAAF /* ObjectToSelfRuleView+.swift in Sources */ = {isa = PBXBuildFile; fileRef = 954AA332289BBE6D001BEAAF /* ObjectToSelfRuleView+.swift */; };
		954AA336289BBE6E001BEAAF /* AngleToLandmarkSegmentRuleView.swift in Sources */ = {isa = PBXBuildFile; fileRef = 954AA333289BBE6D001BEAAF /* AngleToLandmarkSegmentRuleView.swift */; };
		954AA337289BBE6E001BEAAF /* LandmarkToSelfRuleView+.swift in Sources */ = {isa = PBXBuildFile; fileRef = 954AA334289BBE6E001BEAAF /* LandmarkToSelfRuleView+.swift */; };
		954AA33B289BC207001BEAAF /* UIScreen+Extension.swift in Sources */ = {isa = PBXBuildFile; fileRef = 954AA33A289BC207001BEAAF /* UIScreen+Extension.swift */; };
		954AA33E289BC858001BEAAF /* LabelImageView.swift in Sources */ = {isa = PBXBuildFile; fileRef = 954AA33D289BC858001BEAAF /* LabelImageView.swift */; };
		954AA340289BD894001BEAAF /* yolov5-pipeline-basketball.mlmodel in Sources */ = {isa = PBXBuildFile; fileRef = 954AA33F289BD894001BEAAF /* yolov5-pipeline-basketball.mlmodel */; };
		954B7A442843657400904A36 /* VideoAnalysisView.swift in Sources */ = {isa = PBXBuildFile; fileRef = 954B7A432843657400904A36 /* VideoAnalysisView.swift */; };
		954B7A4A2843876900904A36 /* VideoView.swift in Sources */ = {isa = PBXBuildFile; fileRef = 954B7A492843876900904A36 /* VideoView.swift */; };
		954B7A4C2843882300904A36 /* Utility.swift in Sources */ = {isa = PBXBuildFile; fileRef = 954B7A4B2843882300904A36 /* Utility.swift */; };
		9554A31E28A39A6F00BFFCE6 /* ObservationRule.swift in Sources */ = {isa = PBXBuildFile; fileRef = 9554A31D28A39A6E00BFFCE6 /* ObservationRule.swift */; };
		9554A32028A3A01B00BFFCE6 /* Rules.swift in Sources */ = {isa = PBXBuildFile; fileRef = 9554A31F28A3A01B00BFFCE6 /* Rules.swift */; };
		9554A32228A3B9D900BFFCE6 /* Ruler.swift in Sources */ = {isa = PBXBuildFile; fileRef = 9554A32128A3B9D900BFFCE6 /* Ruler.swift */; };
		9554E8622840F468002D8345 /* SportsGroundView.swift in Sources */ = {isa = PBXBuildFile; fileRef = 9554E8612840F468002D8345 /* SportsGroundView.swift */; };
		9554E8642841B6FB002D8345 /* ObjectToObjectRuleView.swift in Sources */ = {isa = PBXBuildFile; fileRef = 9554E8632841B6FB002D8345 /* ObjectToObjectRuleView.swift */; };
		9554E8662841C717002D8345 /* LineDrawerView.swift in Sources */ = {isa = PBXBuildFile; fileRef = 9554E8652841C717002D8345 /* LineDrawerView.swift */; };
		9554E8682841C971002D8345 /* LinesView.swift in Sources */ = {isa = PBXBuildFile; fileRef = 9554E8672841C971002D8345 /* LinesView.swift */; };
		9554E86A28431440002D8345 /* VideoPlayerCoreImageView.swift in Sources */ = {isa = PBXBuildFile; fileRef = 9554E86928431440002D8345 /* VideoPlayerCoreImageView.swift */; };
		9554E870284316D4002D8345 /* IMG_1389.MOV in Resources */ = {isa = PBXBuildFile; fileRef = 9554E86F284316D4002D8345 /* IMG_1389.MOV */; };
		9575734628519373000447D1 /* items.txt in Resources */ = {isa = PBXBuildFile; fileRef = 9575734528519373000447D1 /* items.txt */; };
		95806613289D5EAF006D5219 /* WarningTest.swift in Sources */ = {isa = PBXBuildFile; fileRef = 95806612289D5EAE006D5219 /* WarningTest.swift */; };
		95878ECD27DEDD8300F31A9B /* SportsGround.swift in Sources */ = {isa = PBXBuildFile; fileRef = 95878ECC27DEDD8300F31A9B /* SportsGround.swift */; };
		95878ED327DF277600F31A9B /* UIView+Extension.swift in Sources */ = {isa = PBXBuildFile; fileRef = 95878ED227DF277500F31A9B /* UIView+Extension.swift */; };
		958F8C312760560500F6DF48 /* Facenet6.mlmodel in Sources */ = {isa = PBXBuildFile; fileRef = 958F8C2C2760560500F6DF48 /* Facenet6.mlmodel */; };
		958F8C322760560500F6DF48 /* FaceRecognizer.swift in Sources */ = {isa = PBXBuildFile; fileRef = 958F8C2D2760560500F6DF48 /* FaceRecognizer.swift */; };
		958F8C332760560500F6DF48 /* labels.txt in Resources */ = {isa = PBXBuildFile; fileRef = 958F8C2E2760560500F6DF48 /* labels.txt */; };
		958F8C352760560500F6DF48 /* SVC6.mlmodel in Sources */ = {isa = PBXBuildFile; fileRef = 958F8C302760560500F6DF48 /* SVC6.mlmodel */; };
		95986F33283E3E430090B22C /* RuleDescriptionView.swift in Sources */ = {isa = PBXBuildFile; fileRef = 95986F32283E3E430090B22C /* RuleDescriptionView.swift */; };
		95986F3528406CEE0090B22C /* ObjectToLandmarkRuleView.swift in Sources */ = {isa = PBXBuildFile; fileRef = 95986F3428406CEE0090B22C /* ObjectToLandmarkRuleView.swift */; };
		959A61E627D610E600B2818B /* LandmarkInArea+Extension.swift in Sources */ = {isa = PBXBuildFile; fileRef = 959A61E527D610E600B2818B /* LandmarkInArea+Extension.swift */; };
		95A3E60427E2DDEC0005E364 /* Warning.swift in Sources */ = {isa = PBXBuildFile; fileRef = 95A3E60327E2DDEC0005E364 /* Warning.swift */; };
		95A9921B283C81AB00F79FB1 /* BackgroundClearView.swift in Sources */ = {isa = PBXBuildFile; fileRef = 95A9921A283C81AB00F79FB1 /* BackgroundClearView.swift */; };
		95A9921D283CDFF200F79FB1 /* LandmarkSegmentLengthRuleView.swift in Sources */ = {isa = PBXBuildFile; fileRef = 95A9921C283CDFF200F79FB1 /* LandmarkSegmentLengthRuleView.swift */; };
		95A99220283CE0A200F79FB1 /* Constants.swift in Sources */ = {isa = PBXBuildFile; fileRef = 95A9921F283CE0A200F79FB1 /* Constants.swift */; };
		95A99222283CEF1C00F79FB1 /* LandmarkInAreaRuleView.swift in Sources */ = {isa = PBXBuildFile; fileRef = 95A99221283CEF1C00F79FB1 /* LandmarkInAreaRuleView.swift */; };
		95A99224283CF5B600F79FB1 /* LandmarkSegmentAngleRuleView.swift in Sources */ = {isa = PBXBuildFile; fileRef = 95A99223283CF5B600F79FB1 /* LandmarkSegmentAngleRuleView.swift */; };
		95A99226283E207400F79FB1 /* LandmarkToStateRuleView+.swift in Sources */ = {isa = PBXBuildFile; fileRef = 95A99225283E207400F79FB1 /* LandmarkToStateRuleView+.swift */; };
		95AA02CA277959D300C6E340 /* robot.usdz in Resources */ = {isa = PBXBuildFile; fileRef = 95AA02CC277959D300C6E340 /* robot.usdz */; };
		95B7627427F18C45000DE18C /* AnnotationManager.swift in Sources */ = {isa = PBXBuildFile; fileRef = 95B7627327F18C45000DE18C /* AnnotationManager.swift */; };
		95B7BFE4283668740037EC55 /* ContentView.swift in Sources */ = {isa = PBXBuildFile; fileRef = 95B7BFE3283668740037EC55 /* ContentView.swift */; };
		95BF354B27A16D81006F5D80 /* VideoManager.swift in Sources */ = {isa = PBXBuildFile; fileRef = 95BF354A27A16D81006F5D80 /* VideoManager.swift */; };
		95E79DF327A13AEC00AC36E1 /* Sport.swift in Sources */ = {isa = PBXBuildFile; fileRef = 95E79DEB27A13AEB00AC36E1 /* Sport.swift */; };
		95E79DF627A13AEC00AC36E1 /* SimpleRule.swift in Sources */ = {isa = PBXBuildFile; fileRef = 95E79DEE27A13AEC00AC36E1 /* SimpleRule.swift */; };
		95E79DF727A13AEC00AC36E1 /* SportState.swift in Sources */ = {isa = PBXBuildFile; fileRef = 95E79DEF27A13AEC00AC36E1 /* SportState.swift */; };
		95E79DF827A13AEC00AC36E1 /* CancellableDelayedTask.swift in Sources */ = {isa = PBXBuildFile; fileRef = 95E79DF027A13AEC00AC36E1 /* CancellableDelayedTask.swift */; };
		95E79E0327A13C3000AC36E1 /* Card.swift in Sources */ = {isa = PBXBuildFile; fileRef = 95E79DFE27A13C3000AC36E1 /* Card.swift */; };
		95E79E0427A13C3000AC36E1 /* Storage.swift in Sources */ = {isa = PBXBuildFile; fileRef = 95E79DFF27A13C3000AC36E1 /* Storage.swift */; };
		95E79E0527A13C3000AC36E1 /* Landmark.swift in Sources */ = {isa = PBXBuildFile; fileRef = 95E79E0027A13C3000AC36E1 /* Landmark.swift */; };
		95E79E0627A13C3000AC36E1 /* LineSegment.swift in Sources */ = {isa = PBXBuildFile; fileRef = 95E79E0127A13C3000AC36E1 /* LineSegment.swift */; };
		95E79E0727A13C3000AC36E1 /* BlackWhiteFilter.swift in Sources */ = {isa = PBXBuildFile; fileRef = 95E79E0227A13C3000AC36E1 /* BlackWhiteFilter.swift */; };
		95E79E0D27A13C9700AC36E1 /* UIUtilities.swift in Sources */ = {isa = PBXBuildFile; fileRef = 95E79E0827A13C9600AC36E1 /* UIUtilities.swift */; };
		95E79E0E27A13C9700AC36E1 /* PoseRecognizer.swift in Sources */ = {isa = PBXBuildFile; fileRef = 95E79E0927A13C9600AC36E1 /* PoseRecognizer.swift */; };
		95E79E0F27A13C9700AC36E1 /* HumanPose.swift in Sources */ = {isa = PBXBuildFile; fileRef = 95E79E0A27A13C9600AC36E1 /* HumanPose.swift */; };
		95E79E1027A13C9700AC36E1 /* RectangleRecoginzer.swift in Sources */ = {isa = PBXBuildFile; fileRef = 95E79E0B27A13C9600AC36E1 /* RectangleRecoginzer.swift */; };
		95E79E1127A13C9700AC36E1 /* ObjectRecognizer.swift in Sources */ = {isa = PBXBuildFile; fileRef = 95E79E0C27A13C9700AC36E1 /* ObjectRecognizer.swift */; };
		95E79E1527A13CBE00AC36E1 /* Vector2D.swift in Sources */ = {isa = PBXBuildFile; fileRef = 95E79E1227A13CBD00AC36E1 /* Vector2D.swift */; };
		95E79E1627A13CBE00AC36E1 /* Vector3D.swift in Sources */ = {isa = PBXBuildFile; fileRef = 95E79E1327A13CBE00AC36E1 /* Vector3D.swift */; };
		95E79E1727A13CBE00AC36E1 /* Point3D.swift in Sources */ = {isa = PBXBuildFile; fileRef = 95E79E1427A13CBE00AC36E1 /* Point3D.swift */; };
		95E79E2327A13CED00AC36E1 /* String+Extension.swift in Sources */ = {isa = PBXBuildFile; fileRef = 95E79E1827A13CEC00AC36E1 /* String+Extension.swift */; };
		95E79E2427A13CED00AC36E1 /* UIImageView.swift in Sources */ = {isa = PBXBuildFile; fileRef = 95E79E1927A13CEC00AC36E1 /* UIImageView.swift */; };
		95E79E2527A13CED00AC36E1 /* CIImage+Extension.swift in Sources */ = {isa = PBXBuildFile; fileRef = 95E79E1A27A13CEC00AC36E1 /* CIImage+Extension.swift */; };
		95E79E2627A13CED00AC36E1 /* PerspectiveTransform+Extension.swift in Sources */ = {isa = PBXBuildFile; fileRef = 95E79E1B27A13CEC00AC36E1 /* PerspectiveTransform+Extension.swift */; };
		95E79E2727A13CED00AC36E1 /* Binding+Extension.swift in Sources */ = {isa = PBXBuildFile; fileRef = 95E79E1C27A13CEC00AC36E1 /* Binding+Extension.swift */; };
		95E79E2827A13CED00AC36E1 /* Color+Extension.swift in Sources */ = {isa = PBXBuildFile; fileRef = 95E79E1D27A13CEC00AC36E1 /* Color+Extension.swift */; };
		95E79E2927A13CED00AC36E1 /* CGImage+Extension.swift in Sources */ = {isa = PBXBuildFile; fileRef = 95E79E1E27A13CEC00AC36E1 /* CGImage+Extension.swift */; };
		95E79E2A27A13CED00AC36E1 /* FileManager.swift in Sources */ = {isa = PBXBuildFile; fileRef = 95E79E1F27A13CED00AC36E1 /* FileManager.swift */; };
		95E79E2B27A13CED00AC36E1 /* UIImage+Extension.swift in Sources */ = {isa = PBXBuildFile; fileRef = 95E79E2027A13CED00AC36E1 /* UIImage+Extension.swift */; };
		95E79E2C27A13CED00AC36E1 /* CGPoint+Extension.swift in Sources */ = {isa = PBXBuildFile; fileRef = 95E79E2127A13CED00AC36E1 /* CGPoint+Extension.swift */; };
		95E79E2D27A13CED00AC36E1 /* CGFloat+Extension.swift in Sources */ = {isa = PBXBuildFile; fileRef = 95E79E2227A13CED00AC36E1 /* CGFloat+Extension.swift */; };
		95E79E3327A13D0600AC36E1 /* ImageAnalysis.swift in Sources */ = {isa = PBXBuildFile; fileRef = 95E79E2F27A13D0600AC36E1 /* ImageAnalysis.swift */; };
		95E79E3427A13D0600AC36E1 /* LineRecognizer.swift in Sources */ = {isa = PBXBuildFile; fileRef = 95E79E3027A13D0600AC36E1 /* LineRecognizer.swift */; };
		95E79E3527A13D0600AC36E1 /* SportsManager.swift in Sources */ = {isa = PBXBuildFile; fileRef = 95E79E3127A13D0600AC36E1 /* SportsManager.swift */; };
		95EE17D2283B8A4B0089CE04 /* SetupRuleView.swift in Sources */ = {isa = PBXBuildFile; fileRef = 95EE17D1283B8A4B0089CE04 /* SetupRuleView.swift */; };
		95F4853528B28156004753C6 /* ObjectToStateDistanceRuleView.swift in Sources */ = {isa = PBXBuildFile; fileRef = 95F4853428B28156004753C6 /* ObjectToStateDistanceRuleView.swift */; };
		95F4853728B719F6004753C6 /* LandmarkToStateAngleRuleView.swift in Sources */ = {isa = PBXBuildFile; fileRef = 95F4853628B719F6004753C6 /* LandmarkToStateAngleRuleView.swift */; };
		95F4853928B754A1004753C6 /* LandmarkSegmentToStateAngleRuleView.swift in Sources */ = {isa = PBXBuildFile; fileRef = 95F4853828B754A1004753C6 /* LandmarkSegmentToStateAngleRuleView.swift */; };
		95F4853B28B79058004753C6 /* LandmarkSegmentToStateDistanceRuleView.swift in Sources */ = {isa = PBXBuildFile; fileRef = 95F4853A28B79058004753C6 /* LandmarkSegmentToStateDistanceRuleView.swift */; };
		95F4853D28B7B00D004753C6 /* ObjectToStateAngleRuleView.swift in Sources */ = {isa = PBXBuildFile; fileRef = 95F4853C28B7B00D004753C6 /* ObjectToStateAngleRuleView.swift */; };
		95F4853F28BB6960004753C6 /* DistanceToLandmarkRuleView.swift in Sources */ = {isa = PBXBuildFile; fileRef = 95F4853E28BB6960004753C6 /* DistanceToLandmarkRuleView.swift */; };
		95F67542277DC8F80049B03A /* kangaroo.usdz in Resources */ = {isa = PBXBuildFile; fileRef = 95F6753E277DC87E0049B03A /* kangaroo.usdz */; };
		95F67546277EA9B90049B03A /* biped_robot.usdz in Resources */ = {isa = PBXBuildFile; fileRef = 95F67545277EA9B80049B03A /* biped_robot.usdz */; };
		9F69EE4C26942A8A00746CD7 /* CameraError.swift in Sources */ = {isa = PBXBuildFile; fileRef = 9F69EE4B26942A8A00746CD7 /* CameraError.swift */; };
		9F69EE4E26942CD500746CD7 /* CameraManager.swift in Sources */ = {isa = PBXBuildFile; fileRef = 9F69EE4D26942CD500746CD7 /* CameraManager.swift */; };
		9F69EE5226957E1300746CD7 /* FrameManager.swift in Sources */ = {isa = PBXBuildFile; fileRef = 9F69EE5126957E1300746CD7 /* FrameManager.swift */; };
		C942260E157A09E0582EAB7F /* Pods_FilterTheWorld.framework in Frameworks */ = {isa = PBXBuildFile; fileRef = 48FDCE75E1D0340E4ED3BEB2 /* Pods_FilterTheWorld.framework */; };
/* End PBXBuildFile section */

/* Begin PBXFileReference section */
		1839F4AF25190F2A00BB00F1 /* AppMain.swift */ = {isa = PBXFileReference; lastKnownFileType = sourcecode.swift; path = AppMain.swift; sourceTree = "<group>"; };
		18D775C622AD944400AE281E /* Assets.xcassets */ = {isa = PBXFileReference; lastKnownFileType = folder.assetcatalog; path = Assets.xcassets; sourceTree = "<group>"; };
		18D775C922AD944400AE281E /* Preview Assets.xcassets */ = {isa = PBXFileReference; lastKnownFileType = folder.assetcatalog; path = "Preview Assets.xcassets"; sourceTree = "<group>"; };
		18D775CE22AD944400AE281E /* Info.plist */ = {isa = PBXFileReference; lastKnownFileType = text.plist.xml; path = Info.plist; sourceTree = "<group>"; };
		18D775DE22AD96B400AE281E /* Base */ = {isa = PBXFileReference; lastKnownFileType = file.storyboard; name = Base; path = Base.lproj/LaunchScreen.storyboard; sourceTree = "<group>"; };
		48FDCE75E1D0340E4ED3BEB2 /* Pods_FilterTheWorld.framework */ = {isa = PBXFileReference; explicitFileType = wrapper.framework; includeInIndex = 0; path = Pods_FilterTheWorld.framework; sourceTree = BUILT_PRODUCTS_DIR; };
		883C12D31879384B02649B29 /* Pods-FilterTheWorld.release.xcconfig */ = {isa = PBXFileReference; includeInIndex = 1; lastKnownFileType = text.xcconfig; name = "Pods-FilterTheWorld.release.xcconfig"; path = "Target Support Files/Pods-FilterTheWorld/Pods-FilterTheWorld.release.xcconfig"; sourceTree = "<group>"; };
		9503DF3A289E069200595514 /* ChildViewSizeReader.swift */ = {isa = PBXFileReference; lastKnownFileType = sourcecode.swift; path = ChildViewSizeReader.swift; sourceTree = "<group>"; };
		9506B879284A19E600AFF749 /* Date+Extension.swift */ = {isa = PBXFileReference; lastKnownFileType = sourcecode.swift; path = "Date+Extension.swift"; sourceTree = "<group>"; };
		950F555627EB04AC00480F17 /* yolov5-pipeline.mlmodel */ = {isa = PBXFileReference; lastKnownFileType = file.mlmodel; path = "yolov5-pipeline.mlmodel"; sourceTree = "<group>"; };
		950F555C27EEE71900480F17 /* ObservableState.swift */ = {isa = PBXFileReference; lastKnownFileType = sourcecode.swift; path = ObservableState.swift; sourceTree = "<group>"; };
		950F556127F149B100480F17 /* Annotation.swift */ = {isa = PBXFileReference; lastKnownFileType = sourcecode.swift; path = Annotation.swift; sourceTree = "<group>"; };
		95107FF327D73FB600C9C83D /* RoundedString.swift */ = {isa = PBXFileReference; lastKnownFileType = sourcecode.swift; path = RoundedString.swift; sourceTree = "<group>"; };
		9516BD6928B0D77B001A8D18 /* LandmarkToStateDistanceRuleView.swift */ = {isa = PBXFileReference; lastKnownFileType = sourcecode.swift; path = LandmarkToStateDistanceRuleView.swift; sourceTree = "<group>"; };
		9516BD6B28B21A7D001A8D18 /* AngleToLandmarkRuleView.swift */ = {isa = PBXFileReference; lastKnownFileType = sourcecode.swift; path = AngleToLandmarkRuleView.swift; sourceTree = "<group>"; };
		95171C9627CE140B0051249D /* Sporter.swift */ = {isa = PBXFileReference; lastKnownFileType = sourcecode.swift; path = Sporter.swift; sourceTree = "<group>"; };
		9518D31227799AD80083C215 /* en */ = {isa = PBXFileReference; lastKnownFileType = file.usdz; name = en; path = en.lproj/robot.usdz; sourceTree = "<group>"; };
		9518D31527799B0D0083C215 /* Base */ = {isa = PBXFileReference; lastKnownFileType = file.bplist; name = Base; path = Base.lproj/robot.scn; sourceTree = "<group>"; };
		9518D31727799B130083C215 /* en */ = {isa = PBXFileReference; lastKnownFileType = file.bplist; name = en; path = en.lproj/robot.scn; sourceTree = "<group>"; };
		951ABE3F283A0CE0009AB8F6 /* FrameView.swift */ = {isa = PBXFileReference; lastKnownFileType = sourcecode.swift; path = FrameView.swift; sourceTree = "<group>"; };
		951ABE41283A13A9009AB8F6 /* MediaPicker.swift */ = {isa = PBXFileReference; lastKnownFileType = sourcecode.swift; path = MediaPicker.swift; sourceTree = "<group>"; };
		951ABE43283A3344009AB8F6 /* UniScrollView.swift */ = {isa = PBXFileReference; lastKnownFileType = sourcecode.swift; path = UniScrollView.swift; sourceTree = "<group>"; };
		951ABE45283A5526009AB8F6 /* PoseView.swift */ = {isa = PBXFileReference; lastKnownFileType = sourcecode.swift; path = PoseView.swift; sourceTree = "<group>"; };
		951ABE47283A6A01009AB8F6 /* ObjectsView.swift */ = {isa = PBXFileReference; lastKnownFileType = sourcecode.swift; path = ObjectsView.swift; sourceTree = "<group>"; };
		951ABE49283A6BF8009AB8F6 /* CGRect+Extension.swift */ = {isa = PBXFileReference; lastKnownFileType = sourcecode.swift; path = "CGRect+Extension.swift"; sourceTree = "<group>"; };
		951ABE4B283B2555009AB8F6 /* MultiSelector.swift */ = {isa = PBXFileReference; lastKnownFileType = sourcecode.swift; path = MultiSelector.swift; sourceTree = "<group>"; };
		951FB3222837443500A62931 /* FilterTheWorld.app */ = {isa = PBXFileReference; explicitFileType = wrapper.application; includeInIndex = 0; path = FilterTheWorld.app; sourceTree = BUILT_PRODUCTS_DIR; };
		951FB323283747AB00A62931 /* LoginView.swift */ = {isa = PBXFileReference; lastKnownFileType = sourcecode.swift; path = LoginView.swift; sourceTree = "<group>"; };
		951FB325283789C200A62931 /* ServiceManager.swift */ = {isa = PBXFileReference; lastKnownFileType = sourcecode.swift; path = ServiceManager.swift; sourceTree = "<group>"; };
		951FB328283892F700A62931 /* SportsManagerView.swift */ = {isa = PBXFileReference; lastKnownFileType = sourcecode.swift; path = SportsManagerView.swift; sourceTree = "<group>"; };
		951FB32A283893A100A62931 /* CardView.swift */ = {isa = PBXFileReference; lastKnownFileType = sourcecode.swift; path = CardView.swift; sourceTree = "<group>"; };
		951FB32C2838CDF600A62931 /* SportView.swift */ = {isa = PBXFileReference; lastKnownFileType = sourcecode.swift; path = SportView.swift; sourceTree = "<group>"; };
		951FB32E2839E57700A62931 /* RuleView.swift */ = {isa = PBXFileReference; lastKnownFileType = sourcecode.swift; path = RuleView.swift; sourceTree = "<group>"; };
		951FB3332839EB1500A62931 /* FramesView.swift */ = {isa = PBXFileReference; lastKnownFileType = sourcecode.swift; path = FramesView.swift; sourceTree = "<group>"; };
		9532A74B27C16A2A0071AF82 /* YOLOv3.mlmodel */ = {isa = PBXFileReference; lastKnownFileType = file.mlmodel; path = YOLOv3.mlmodel; sourceTree = "<group>"; };
		95435E572845ABD0007139A6 /* VideoAnalysorView.swift */ = {isa = PBXFileReference; lastKnownFileType = sourcecode.swift; path = VideoAnalysorView.swift; sourceTree = "<group>"; };
		954385AC28A35DBF0067AB31 /* LandmarkSegmentRule.swift */ = {isa = PBXFileReference; lastKnownFileType = sourcecode.swift; path = LandmarkSegmentRule.swift; sourceTree = "<group>"; };
		954385AE28A36BB10067AB31 /* LandmarkRule.swift */ = {isa = PBXFileReference; lastKnownFileType = sourcecode.swift; path = LandmarkRule.swift; sourceTree = "<group>"; };
		9545750427BB846100129153 /* ObjectRecoginzerYOLO.swift */ = {isa = PBXFileReference; lastKnownFileType = sourcecode.swift; path = ObjectRecoginzerYOLO.swift; sourceTree = "<group>"; };
		9545750E27BBA98A00129153 /* Observation.swift */ = {isa = PBXFileReference; lastKnownFileType = sourcecode.swift; path = Observation.swift; sourceTree = "<group>"; };
		9545751227BD1B1500129153 /* StandAndJump.swift */ = {isa = PBXFileReference; lastKnownFileType = sourcecode.swift; path = StandAndJump.swift; sourceTree = "<group>"; };
		954AA307289BBAEA001BEAAF /* SportReportView.swift */ = {isa = PBXFileReference; fileEncoding = 4; lastKnownFileType = sourcecode.swift; path = SportReportView.swift; sourceTree = "<group>"; };
		954AA308289BBAEB001BEAAF /* CameraPlayingView.swift */ = {isa = PBXFileReference; fileEncoding = 4; lastKnownFileType = sourcecode.swift; path = CameraPlayingView.swift; sourceTree = "<group>"; };
		954AA309289BBAEB001BEAAF /* SporterView.swift */ = {isa = PBXFileReference; fileEncoding = 4; lastKnownFileType = sourcecode.swift; path = SporterView.swift; sourceTree = "<group>"; };
		954AA31A289BBB34001BEAAF /* FilterTheWorld.entitlements */ = {isa = PBXFileReference; fileEncoding = 4; lastKnownFileType = text.plist.entitlements; path = FilterTheWorld.entitlements; sourceTree = "<group>"; };
		954AA32A289BBD6A001BEAAF /* CameraViewModel.swift */ = {isa = PBXFileReference; fileEncoding = 4; lastKnownFileType = sourcecode.swift; path = CameraViewModel.swift; sourceTree = "<group>"; };
		954AA32B289BBD6A001BEAAF /* SportsReport.swift */ = {isa = PBXFileReference; fileEncoding = 4; lastKnownFileType = sourcecode.swift; path = SportsReport.swift; sourceTree = "<group>"; };
		954AA332289BBE6D001BEAAF /* ObjectToSelfRuleView+.swift */ = {isa = PBXFileReference; fileEncoding = 4; lastKnownFileType = sourcecode.swift; path = "ObjectToSelfRuleView+.swift"; sourceTree = "<group>"; };
		954AA333289BBE6D001BEAAF /* AngleToLandmarkSegmentRuleView.swift */ = {isa = PBXFileReference; fileEncoding = 4; lastKnownFileType = sourcecode.swift; path = AngleToLandmarkSegmentRuleView.swift; sourceTree = "<group>"; };
		954AA334289BBE6E001BEAAF /* LandmarkToSelfRuleView+.swift */ = {isa = PBXFileReference; fileEncoding = 4; lastKnownFileType = sourcecode.swift; path = "LandmarkToSelfRuleView+.swift"; sourceTree = "<group>"; };
		954AA33A289BC207001BEAAF /* UIScreen+Extension.swift */ = {isa = PBXFileReference; fileEncoding = 4; lastKnownFileType = sourcecode.swift; path = "UIScreen+Extension.swift"; sourceTree = "<group>"; };
		954AA33D289BC858001BEAAF /* LabelImageView.swift */ = {isa = PBXFileReference; fileEncoding = 4; lastKnownFileType = sourcecode.swift; path = LabelImageView.swift; sourceTree = "<group>"; };
		954AA33F289BD894001BEAAF /* yolov5-pipeline-basketball.mlmodel */ = {isa = PBXFileReference; lastKnownFileType = file.mlmodel; path = "yolov5-pipeline-basketball.mlmodel"; sourceTree = "<group>"; };
		954B7A432843657400904A36 /* VideoAnalysisView.swift */ = {isa = PBXFileReference; lastKnownFileType = sourcecode.swift; path = VideoAnalysisView.swift; sourceTree = "<group>"; };
		954B7A492843876900904A36 /* VideoView.swift */ = {isa = PBXFileReference; lastKnownFileType = sourcecode.swift; path = VideoView.swift; sourceTree = "<group>"; };
		954B7A4B2843882300904A36 /* Utility.swift */ = {isa = PBXFileReference; lastKnownFileType = sourcecode.swift; path = Utility.swift; sourceTree = "<group>"; };
		9554A31D28A39A6E00BFFCE6 /* ObservationRule.swift */ = {isa = PBXFileReference; lastKnownFileType = sourcecode.swift; path = ObservationRule.swift; sourceTree = "<group>"; };
		9554A31F28A3A01B00BFFCE6 /* Rules.swift */ = {isa = PBXFileReference; lastKnownFileType = sourcecode.swift; path = Rules.swift; sourceTree = "<group>"; };
		9554A32128A3B9D900BFFCE6 /* Ruler.swift */ = {isa = PBXFileReference; lastKnownFileType = sourcecode.swift; path = Ruler.swift; sourceTree = "<group>"; };
		9554E8612840F468002D8345 /* SportsGroundView.swift */ = {isa = PBXFileReference; lastKnownFileType = sourcecode.swift; path = SportsGroundView.swift; sourceTree = "<group>"; };
		9554E8632841B6FB002D8345 /* ObjectToObjectRuleView.swift */ = {isa = PBXFileReference; lastKnownFileType = sourcecode.swift; path = ObjectToObjectRuleView.swift; sourceTree = "<group>"; };
		9554E8652841C717002D8345 /* LineDrawerView.swift */ = {isa = PBXFileReference; lastKnownFileType = sourcecode.swift; path = LineDrawerView.swift; sourceTree = "<group>"; };
		9554E8672841C971002D8345 /* LinesView.swift */ = {isa = PBXFileReference; lastKnownFileType = sourcecode.swift; path = LinesView.swift; sourceTree = "<group>"; };
		9554E86928431440002D8345 /* VideoPlayerCoreImageView.swift */ = {isa = PBXFileReference; lastKnownFileType = sourcecode.swift; path = VideoPlayerCoreImageView.swift; sourceTree = "<group>"; };
		9554E86F284316D4002D8345 /* IMG_1389.MOV */ = {isa = PBXFileReference; lastKnownFileType = video.quicktime; path = IMG_1389.MOV; sourceTree = "<group>"; };
		9575734528519373000447D1 /* items.txt */ = {isa = PBXFileReference; lastKnownFileType = text; path = items.txt; sourceTree = "<group>"; };
		95806612289D5EAE006D5219 /* WarningTest.swift */ = {isa = PBXFileReference; lastKnownFileType = sourcecode.swift; path = WarningTest.swift; sourceTree = "<group>"; };
		95878ECC27DEDD8300F31A9B /* SportsGround.swift */ = {isa = PBXFileReference; lastKnownFileType = sourcecode.swift; path = SportsGround.swift; sourceTree = "<group>"; };
		95878ED227DF277500F31A9B /* UIView+Extension.swift */ = {isa = PBXFileReference; lastKnownFileType = sourcecode.swift; path = "UIView+Extension.swift"; sourceTree = "<group>"; };
		958F8C2C2760560500F6DF48 /* Facenet6.mlmodel */ = {isa = PBXFileReference; lastKnownFileType = file.mlmodel; path = Facenet6.mlmodel; sourceTree = "<group>"; };
		958F8C2D2760560500F6DF48 /* FaceRecognizer.swift */ = {isa = PBXFileReference; fileEncoding = 4; lastKnownFileType = sourcecode.swift; path = FaceRecognizer.swift; sourceTree = "<group>"; };
		958F8C2E2760560500F6DF48 /* labels.txt */ = {isa = PBXFileReference; fileEncoding = 4; lastKnownFileType = text; path = labels.txt; sourceTree = "<group>"; };
		958F8C302760560500F6DF48 /* SVC6.mlmodel */ = {isa = PBXFileReference; lastKnownFileType = file.mlmodel; path = SVC6.mlmodel; sourceTree = "<group>"; };
		95986F32283E3E430090B22C /* RuleDescriptionView.swift */ = {isa = PBXFileReference; lastKnownFileType = sourcecode.swift; path = RuleDescriptionView.swift; sourceTree = "<group>"; };
		95986F3428406CEE0090B22C /* ObjectToLandmarkRuleView.swift */ = {isa = PBXFileReference; lastKnownFileType = sourcecode.swift; path = ObjectToLandmarkRuleView.swift; sourceTree = "<group>"; };
		959A61E527D610E600B2818B /* LandmarkInArea+Extension.swift */ = {isa = PBXFileReference; lastKnownFileType = sourcecode.swift; path = "LandmarkInArea+Extension.swift"; sourceTree = "<group>"; };
		95A3E60327E2DDEC0005E364 /* Warning.swift */ = {isa = PBXFileReference; lastKnownFileType = sourcecode.swift; path = Warning.swift; sourceTree = "<group>"; };
		95A9921A283C81AB00F79FB1 /* BackgroundClearView.swift */ = {isa = PBXFileReference; lastKnownFileType = sourcecode.swift; path = BackgroundClearView.swift; sourceTree = "<group>"; };
		95A9921C283CDFF200F79FB1 /* LandmarkSegmentLengthRuleView.swift */ = {isa = PBXFileReference; lastKnownFileType = sourcecode.swift; path = LandmarkSegmentLengthRuleView.swift; sourceTree = "<group>"; };
		95A9921F283CE0A200F79FB1 /* Constants.swift */ = {isa = PBXFileReference; lastKnownFileType = sourcecode.swift; path = Constants.swift; sourceTree = "<group>"; };
		95A99221283CEF1C00F79FB1 /* LandmarkInAreaRuleView.swift */ = {isa = PBXFileReference; lastKnownFileType = sourcecode.swift; path = LandmarkInAreaRuleView.swift; sourceTree = "<group>"; };
		95A99223283CF5B600F79FB1 /* LandmarkSegmentAngleRuleView.swift */ = {isa = PBXFileReference; lastKnownFileType = sourcecode.swift; path = LandmarkSegmentAngleRuleView.swift; sourceTree = "<group>"; };
		95A99225283E207400F79FB1 /* LandmarkToStateRuleView+.swift */ = {isa = PBXFileReference; lastKnownFileType = sourcecode.swift; path = "LandmarkToStateRuleView+.swift"; sourceTree = "<group>"; };
		95B7627327F18C45000DE18C /* AnnotationManager.swift */ = {isa = PBXFileReference; lastKnownFileType = sourcecode.swift; path = AnnotationManager.swift; sourceTree = "<group>"; };
		95B7BFE3283668740037EC55 /* ContentView.swift */ = {isa = PBXFileReference; lastKnownFileType = sourcecode.swift; path = ContentView.swift; sourceTree = "<group>"; };
		95BF354A27A16D81006F5D80 /* VideoManager.swift */ = {isa = PBXFileReference; lastKnownFileType = sourcecode.swift; path = VideoManager.swift; sourceTree = "<group>"; };
		95E79DEB27A13AEB00AC36E1 /* Sport.swift */ = {isa = PBXFileReference; fileEncoding = 4; lastKnownFileType = sourcecode.swift; path = Sport.swift; sourceTree = "<group>"; };
		95E79DEE27A13AEC00AC36E1 /* SimpleRule.swift */ = {isa = PBXFileReference; fileEncoding = 4; lastKnownFileType = sourcecode.swift; path = SimpleRule.swift; sourceTree = "<group>"; };
		95E79DEF27A13AEC00AC36E1 /* SportState.swift */ = {isa = PBXFileReference; fileEncoding = 4; lastKnownFileType = sourcecode.swift; path = SportState.swift; sourceTree = "<group>"; };
		95E79DF027A13AEC00AC36E1 /* CancellableDelayedTask.swift */ = {isa = PBXFileReference; fileEncoding = 4; lastKnownFileType = sourcecode.swift; path = CancellableDelayedTask.swift; sourceTree = "<group>"; };
		95E79DFE27A13C3000AC36E1 /* Card.swift */ = {isa = PBXFileReference; fileEncoding = 4; lastKnownFileType = sourcecode.swift; path = Card.swift; sourceTree = "<group>"; };
		95E79DFF27A13C3000AC36E1 /* Storage.swift */ = {isa = PBXFileReference; fileEncoding = 4; lastKnownFileType = sourcecode.swift; path = Storage.swift; sourceTree = "<group>"; };
		95E79E0027A13C3000AC36E1 /* Landmark.swift */ = {isa = PBXFileReference; fileEncoding = 4; lastKnownFileType = sourcecode.swift; path = Landmark.swift; sourceTree = "<group>"; };
		95E79E0127A13C3000AC36E1 /* LineSegment.swift */ = {isa = PBXFileReference; fileEncoding = 4; lastKnownFileType = sourcecode.swift; path = LineSegment.swift; sourceTree = "<group>"; };
		95E79E0227A13C3000AC36E1 /* BlackWhiteFilter.swift */ = {isa = PBXFileReference; fileEncoding = 4; lastKnownFileType = sourcecode.swift; path = BlackWhiteFilter.swift; sourceTree = "<group>"; };
		95E79E0827A13C9600AC36E1 /* UIUtilities.swift */ = {isa = PBXFileReference; fileEncoding = 4; lastKnownFileType = sourcecode.swift; path = UIUtilities.swift; sourceTree = "<group>"; };
		95E79E0927A13C9600AC36E1 /* PoseRecognizer.swift */ = {isa = PBXFileReference; fileEncoding = 4; lastKnownFileType = sourcecode.swift; path = PoseRecognizer.swift; sourceTree = "<group>"; };
		95E79E0A27A13C9600AC36E1 /* HumanPose.swift */ = {isa = PBXFileReference; fileEncoding = 4; lastKnownFileType = sourcecode.swift; path = HumanPose.swift; sourceTree = "<group>"; };
		95E79E0B27A13C9600AC36E1 /* RectangleRecoginzer.swift */ = {isa = PBXFileReference; fileEncoding = 4; lastKnownFileType = sourcecode.swift; path = RectangleRecoginzer.swift; sourceTree = "<group>"; };
		95E79E0C27A13C9700AC36E1 /* ObjectRecognizer.swift */ = {isa = PBXFileReference; fileEncoding = 4; lastKnownFileType = sourcecode.swift; path = ObjectRecognizer.swift; sourceTree = "<group>"; };
		95E79E1227A13CBD00AC36E1 /* Vector2D.swift */ = {isa = PBXFileReference; fileEncoding = 4; lastKnownFileType = sourcecode.swift; path = Vector2D.swift; sourceTree = "<group>"; };
		95E79E1327A13CBE00AC36E1 /* Vector3D.swift */ = {isa = PBXFileReference; fileEncoding = 4; lastKnownFileType = sourcecode.swift; path = Vector3D.swift; sourceTree = "<group>"; };
		95E79E1427A13CBE00AC36E1 /* Point3D.swift */ = {isa = PBXFileReference; fileEncoding = 4; lastKnownFileType = sourcecode.swift; path = Point3D.swift; sourceTree = "<group>"; };
		95E79E1827A13CEC00AC36E1 /* String+Extension.swift */ = {isa = PBXFileReference; fileEncoding = 4; lastKnownFileType = sourcecode.swift; path = "String+Extension.swift"; sourceTree = "<group>"; };
		95E79E1927A13CEC00AC36E1 /* UIImageView.swift */ = {isa = PBXFileReference; fileEncoding = 4; lastKnownFileType = sourcecode.swift; path = UIImageView.swift; sourceTree = "<group>"; };
		95E79E1A27A13CEC00AC36E1 /* CIImage+Extension.swift */ = {isa = PBXFileReference; fileEncoding = 4; lastKnownFileType = sourcecode.swift; path = "CIImage+Extension.swift"; sourceTree = "<group>"; };
		95E79E1B27A13CEC00AC36E1 /* PerspectiveTransform+Extension.swift */ = {isa = PBXFileReference; fileEncoding = 4; lastKnownFileType = sourcecode.swift; path = "PerspectiveTransform+Extension.swift"; sourceTree = "<group>"; };
		95E79E1C27A13CEC00AC36E1 /* Binding+Extension.swift */ = {isa = PBXFileReference; fileEncoding = 4; lastKnownFileType = sourcecode.swift; path = "Binding+Extension.swift"; sourceTree = "<group>"; };
		95E79E1D27A13CEC00AC36E1 /* Color+Extension.swift */ = {isa = PBXFileReference; fileEncoding = 4; lastKnownFileType = sourcecode.swift; path = "Color+Extension.swift"; sourceTree = "<group>"; };
		95E79E1E27A13CEC00AC36E1 /* CGImage+Extension.swift */ = {isa = PBXFileReference; fileEncoding = 4; lastKnownFileType = sourcecode.swift; path = "CGImage+Extension.swift"; sourceTree = "<group>"; };
		95E79E1F27A13CED00AC36E1 /* FileManager.swift */ = {isa = PBXFileReference; fileEncoding = 4; lastKnownFileType = sourcecode.swift; path = FileManager.swift; sourceTree = "<group>"; };
		95E79E2027A13CED00AC36E1 /* UIImage+Extension.swift */ = {isa = PBXFileReference; fileEncoding = 4; lastKnownFileType = sourcecode.swift; path = "UIImage+Extension.swift"; sourceTree = "<group>"; };
		95E79E2127A13CED00AC36E1 /* CGPoint+Extension.swift */ = {isa = PBXFileReference; fileEncoding = 4; lastKnownFileType = sourcecode.swift; path = "CGPoint+Extension.swift"; sourceTree = "<group>"; };
		95E79E2227A13CED00AC36E1 /* CGFloat+Extension.swift */ = {isa = PBXFileReference; fileEncoding = 4; lastKnownFileType = sourcecode.swift; path = "CGFloat+Extension.swift"; sourceTree = "<group>"; };
		95E79E2F27A13D0600AC36E1 /* ImageAnalysis.swift */ = {isa = PBXFileReference; fileEncoding = 4; lastKnownFileType = sourcecode.swift; path = ImageAnalysis.swift; sourceTree = "<group>"; };
		95E79E3027A13D0600AC36E1 /* LineRecognizer.swift */ = {isa = PBXFileReference; fileEncoding = 4; lastKnownFileType = sourcecode.swift; path = LineRecognizer.swift; sourceTree = "<group>"; };
		95E79E3127A13D0600AC36E1 /* SportsManager.swift */ = {isa = PBXFileReference; fileEncoding = 4; lastKnownFileType = sourcecode.swift; path = SportsManager.swift; sourceTree = "<group>"; };
		95EE17D1283B8A4B0089CE04 /* SetupRuleView.swift */ = {isa = PBXFileReference; lastKnownFileType = sourcecode.swift; path = SetupRuleView.swift; sourceTree = "<group>"; };
		95F4853428B28156004753C6 /* ObjectToStateDistanceRuleView.swift */ = {isa = PBXFileReference; lastKnownFileType = sourcecode.swift; path = ObjectToStateDistanceRuleView.swift; sourceTree = "<group>"; };
		95F4853628B719F6004753C6 /* LandmarkToStateAngleRuleView.swift */ = {isa = PBXFileReference; lastKnownFileType = sourcecode.swift; path = LandmarkToStateAngleRuleView.swift; sourceTree = "<group>"; };
		95F4853828B754A1004753C6 /* LandmarkSegmentToStateAngleRuleView.swift */ = {isa = PBXFileReference; lastKnownFileType = sourcecode.swift; path = LandmarkSegmentToStateAngleRuleView.swift; sourceTree = "<group>"; };
		95F4853A28B79058004753C6 /* LandmarkSegmentToStateDistanceRuleView.swift */ = {isa = PBXFileReference; lastKnownFileType = sourcecode.swift; path = LandmarkSegmentToStateDistanceRuleView.swift; sourceTree = "<group>"; };
		95F4853C28B7B00D004753C6 /* ObjectToStateAngleRuleView.swift */ = {isa = PBXFileReference; lastKnownFileType = sourcecode.swift; path = ObjectToStateAngleRuleView.swift; sourceTree = "<group>"; };
		95F4853E28BB6960004753C6 /* DistanceToLandmarkRuleView.swift */ = {isa = PBXFileReference; lastKnownFileType = sourcecode.swift; path = DistanceToLandmarkRuleView.swift; sourceTree = "<group>"; };
		95F67540277DC8C10049B03A /* en */ = {isa = PBXFileReference; lastKnownFileType = file.usdz; name = en; path = en.lproj/kangaroo.usdz; sourceTree = "<group>"; };
		95F67544277DC9A80049B03A /* Base */ = {isa = PBXFileReference; lastKnownFileType = file.usdz; name = Base; path = Base.lproj/kangaroo.usdz; sourceTree = "<group>"; };
		95F67545277EA9B80049B03A /* biped_robot.usdz */ = {isa = PBXFileReference; lastKnownFileType = file.usdz; path = biped_robot.usdz; sourceTree = "<group>"; };
		9F69EE4B26942A8A00746CD7 /* CameraError.swift */ = {isa = PBXFileReference; lastKnownFileType = sourcecode.swift; path = CameraError.swift; sourceTree = "<group>"; };
		9F69EE4D26942CD500746CD7 /* CameraManager.swift */ = {isa = PBXFileReference; lastKnownFileType = sourcecode.swift; path = CameraManager.swift; sourceTree = "<group>"; };
		9F69EE5126957E1300746CD7 /* FrameManager.swift */ = {isa = PBXFileReference; lastKnownFileType = sourcecode.swift; path = FrameManager.swift; sourceTree = "<group>"; };
		C8721D587375FE23A5C550D7 /* Pods-FilterTheWorld.debug.xcconfig */ = {isa = PBXFileReference; includeInIndex = 1; lastKnownFileType = text.xcconfig; name = "Pods-FilterTheWorld.debug.xcconfig"; path = "Target Support Files/Pods-FilterTheWorld/Pods-FilterTheWorld.debug.xcconfig"; sourceTree = "<group>"; };
/* End PBXFileReference section */

/* Begin PBXFrameworksBuildPhase section */
		18D775BA22AD944300AE281E /* Frameworks */ = {
			isa = PBXFrameworksBuildPhase;
			buildActionMask = 2147483647;
			files = (
				C942260E157A09E0582EAB7F /* Pods_FilterTheWorld.framework in Frameworks */,
			);
			runOnlyForDeploymentPostprocessing = 0;
		};
/* End PBXFrameworksBuildPhase section */

/* Begin PBXGroup section */
		18D775B422AD944300AE281E = {
			isa = PBXGroup;
			children = (
				18D775BF22AD944300AE281E /* FilterTheWorld */,
				401E41BF862A436763860158 /* Pods */,
				98A745781EE7110026A865CB /* Frameworks */,
				951FB3222837443500A62931 /* FilterTheWorld.app */,
			);
			indentWidth = 4;
			sourceTree = "<group>";
			tabWidth = 4;
		};
		18D775BF22AD944300AE281E /* FilterTheWorld */ = {
			isa = PBXGroup;
			children = (
				957573442851933E000447D1 /* Doc */,
				954AA31A289BBB34001BEAAF /* FilterTheWorld.entitlements */,
				95A9921E283CE08900F79FB1 /* Tool */,
				95B7BFE5283668950037EC55 /* View */,
				95D6E438276F4D1200C0F1CD /* Sport */,
				95D6E424276C6EE200C0F1CD /* Videos */,
				952136E12767565A009D370A /* Core */,
				958F8C2B2760560500F6DF48 /* ml */,
				958F8C282760529300F6DF48 /* Geometric */,
				9F69EE4926942A2900746CD7 /* Camera */,
				9F69EE612698A1B700746CD7 /* Extensions */,
				9F69EE582696F17100746CD7 /* ViewModels */,
				1839F4AF25190F2A00BB00F1 /* AppMain.swift */,
				18D775C622AD944400AE281E /* Assets.xcassets */,
				18D775DA22AD963800AE281E /* LaunchScreen.storyboard */,
				18D775CE22AD944400AE281E /* Info.plist */,
				18D775C822AD944400AE281E /* Preview Content */,
			);
			path = FilterTheWorld;
			sourceTree = "<group>";
		};
		18D775C822AD944400AE281E /* Preview Content */ = {
			isa = PBXGroup;
			children = (
				18D775C922AD944400AE281E /* Preview Assets.xcassets */,
			);
			path = "Preview Content";
			sourceTree = "<group>";
		};
		401E41BF862A436763860158 /* Pods */ = {
			isa = PBXGroup;
			children = (
				C8721D587375FE23A5C550D7 /* Pods-FilterTheWorld.debug.xcconfig */,
				883C12D31879384B02649B29 /* Pods-FilterTheWorld.release.xcconfig */,
			);
			path = Pods;
			sourceTree = "<group>";
		};
		951EEE6427648FA700740407 /* Face */ = {
			isa = PBXGroup;
			children = (
				958F8C2D2760560500F6DF48 /* FaceRecognizer.swift */,
				958F8C2E2760560500F6DF48 /* labels.txt */,
			);
			path = Face;
			sourceTree = "<group>";
		};
		951EEE6527648FC800740407 /* Pose */ = {
			isa = PBXGroup;
			children = (
				95E79E0A27A13C9600AC36E1 /* HumanPose.swift */,
				95E79E0C27A13C9700AC36E1 /* ObjectRecognizer.swift */,
				95E79E0927A13C9600AC36E1 /* PoseRecognizer.swift */,
				95E79E0B27A13C9600AC36E1 /* RectangleRecoginzer.swift */,
				95E79E0827A13C9600AC36E1 /* UIUtilities.swift */,
				95F67545277EA9B80049B03A /* biped_robot.usdz */,
				95F6753E277DC87E0049B03A /* kangaroo.usdz */,
				95AA02CC277959D300C6E340 /* robot.usdz */,
				9518D31627799B0D0083C215 /* robot.scn */,
			);
			path = Pose;
			sourceTree = "<group>";
		};
		951FB3272838928B00A62931 /* Sport */ = {
			isa = PBXGroup;
			children = (
				9554E85E2840F259002D8345 /* Rule */,
				951FB328283892F700A62931 /* SportsManagerView.swift */,
				951FB32C2838CDF600A62931 /* SportView.swift */,
				951FB32E2839E57700A62931 /* RuleView.swift */,
				951ABE45283A5526009AB8F6 /* PoseView.swift */,
				951ABE47283A6A01009AB8F6 /* ObjectsView.swift */,
				95EE17D1283B8A4B0089CE04 /* SetupRuleView.swift */,
				95986F32283E3E430090B22C /* RuleDescriptionView.swift */,
			);
			path = Sport;
			sourceTree = "<group>";
		};
		951FB3322839EA8100A62931 /* Video */ = {
			isa = PBXGroup;
			children = (
				951FB3332839EB1500A62931 /* FramesView.swift */,
				951ABE3F283A0CE0009AB8F6 /* FrameView.swift */,
				951ABE41283A13A9009AB8F6 /* MediaPicker.swift */,
				9554E86928431440002D8345 /* VideoPlayerCoreImageView.swift */,
				954B7A432843657400904A36 /* VideoAnalysisView.swift */,
				954B7A492843876900904A36 /* VideoView.swift */,
				95435E572845ABD0007139A6 /* VideoAnalysorView.swift */,
			);
			path = Video;
			sourceTree = "<group>";
		};
		952136E12767565A009D370A /* Core */ = {
			isa = PBXGroup;
			children = (
				95E79E0227A13C3000AC36E1 /* BlackWhiteFilter.swift */,
				95E79DFE27A13C3000AC36E1 /* Card.swift */,
				95E79E0027A13C3000AC36E1 /* Landmark.swift */,
				95E79E0127A13C3000AC36E1 /* LineSegment.swift */,
				95E79DFF27A13C3000AC36E1 /* Storage.swift */,
				9545750E27BBA98A00129153 /* Observation.swift */,
				95171C9627CE140B0051249D /* Sporter.swift */,
				95107FF327D73FB600C9C83D /* RoundedString.swift */,
				95A3E60327E2DDEC0005E364 /* Warning.swift */,
				950F556127F149B100480F17 /* Annotation.swift */,
			);
			path = Core;
			sourceTree = "<group>";
		};
		9545750327BB83C000129153 /* Object */ = {
			isa = PBXGroup;
			children = (
				9545750427BB846100129153 /* ObjectRecoginzerYOLO.swift */,
			);
			path = Object;
			sourceTree = "<group>";
		};
		954AA33C289BC858001BEAAF /* LabelMe */ = {
			isa = PBXGroup;
			children = (
				954AA33D289BC858001BEAAF /* LabelImageView.swift */,
			);
			path = LabelMe;
			sourceTree = "<group>";
		};
		9554E85E2840F259002D8345 /* Rule */ = {
			isa = PBXGroup;
			children = (
				954AA334289BBE6E001BEAAF /* LandmarkToSelfRuleView+.swift */,
				954AA332289BBE6D001BEAAF /* ObjectToSelfRuleView+.swift */,
				95A99225283E207400F79FB1 /* LandmarkToStateRuleView+.swift */,
				95A9921C283CDFF200F79FB1 /* LandmarkSegmentLengthRuleView.swift */,
				954AA333289BBE6D001BEAAF /* AngleToLandmarkSegmentRuleView.swift */,
				95A99223283CF5B600F79FB1 /* LandmarkSegmentAngleRuleView.swift */,
				95F4853828B754A1004753C6 /* LandmarkSegmentToStateAngleRuleView.swift */,
				95F4853A28B79058004753C6 /* LandmarkSegmentToStateDistanceRuleView.swift */,
				95986F3428406CEE0090B22C /* ObjectToLandmarkRuleView.swift */,
				9554E8632841B6FB002D8345 /* ObjectToObjectRuleView.swift */,
				95F4853428B28156004753C6 /* ObjectToStateDistanceRuleView.swift */,
				95F4853C28B7B00D004753C6 /* ObjectToStateAngleRuleView.swift */,
				95A99221283CEF1C00F79FB1 /* LandmarkInAreaRuleView.swift */,
				9516BD6B28B21A7D001A8D18 /* AngleToLandmarkRuleView.swift */,
				95F4853E28BB6960004753C6 /* DistanceToLandmarkRuleView.swift */,
				9516BD6928B0D77B001A8D18 /* LandmarkToStateDistanceRuleView.swift */,
				95F4853628B719F6004753C6 /* LandmarkToStateAngleRuleView.swift */,
			);
			path = Rule;
			sourceTree = "<group>";
		};
		9554E8602840F41F002D8345 /* Sporter */ = {
			isa = PBXGroup;
			children = (
				954AA308289BBAEB001BEAAF /* CameraPlayingView.swift */,
				954AA309289BBAEB001BEAAF /* SporterView.swift */,
				954AA307289BBAEA001BEAAF /* SportReportView.swift */,
				9554E8612840F468002D8345 /* SportsGroundView.swift */,
			);
			path = Sporter;
			sourceTree = "<group>";
		};
		957573442851933E000447D1 /* Doc */ = {
			isa = PBXGroup;
			children = (
				9575734528519373000447D1 /* items.txt */,
			);
			path = Doc;
			sourceTree = "<group>";
		};
		958F8C282760529300F6DF48 /* Geometric */ = {
			isa = PBXGroup;
			children = (
				95E79E1427A13CBE00AC36E1 /* Point3D.swift */,
				95E79E1227A13CBD00AC36E1 /* Vector2D.swift */,
				95E79E1327A13CBE00AC36E1 /* Vector3D.swift */,
			);
			path = Geometric;
			sourceTree = "<group>";
		};
		958F8C2B2760560500F6DF48 /* ml */ = {
			isa = PBXGroup;
			children = (
				954AA33F289BD894001BEAAF /* yolov5-pipeline-basketball.mlmodel */,
				9532A74B27C16A2A0071AF82 /* YOLOv3.mlmodel */,
				950F555627EB04AC00480F17 /* yolov5-pipeline.mlmodel */,
				958F8C2C2760560500F6DF48 /* Facenet6.mlmodel */,
				958F8C302760560500F6DF48 /* SVC6.mlmodel */,
				9545750327BB83C000129153 /* Object */,
				951EEE6527648FC800740407 /* Pose */,
				951EEE6427648FA700740407 /* Face */,
			);
			path = ml;
			sourceTree = "<group>";
		};
		95A9921E283CE08900F79FB1 /* Tool */ = {
			isa = PBXGroup;
			children = (
				95A9921F283CE0A200F79FB1 /* Constants.swift */,
				954B7A4B2843882300904A36 /* Utility.swift */,
			);
			path = Tool;
			sourceTree = "<group>";
		};
		95B7BFE5283668950037EC55 /* View */ = {
			isa = PBXGroup;
			children = (
				954AA33C289BC858001BEAAF /* LabelMe */,
				9554E8652841C717002D8345 /* LineDrawerView.swift */,
				9554E8672841C971002D8345 /* LinesView.swift */,
				9554E8602840F41F002D8345 /* Sporter */,
				951FB3322839EA8100A62931 /* Video */,
				951FB3272838928B00A62931 /* Sport */,
				95B7BFE3283668740037EC55 /* ContentView.swift */,
				951FB323283747AB00A62931 /* LoginView.swift */,
				951FB32A283893A100A62931 /* CardView.swift */,
				951ABE43283A3344009AB8F6 /* UniScrollView.swift */,
				951ABE4B283B2555009AB8F6 /* MultiSelector.swift */,
				95A9921A283C81AB00F79FB1 /* BackgroundClearView.swift */,
				95806612289D5EAE006D5219 /* WarningTest.swift */,
				9503DF3A289E069200595514 /* ChildViewSizeReader.swift */,
			);
			path = View;
			sourceTree = "<group>";
		};
		95D6E424276C6EE200C0F1CD /* Videos */ = {
			isa = PBXGroup;
			children = (
				9554E86F284316D4002D8345 /* IMG_1389.MOV */,
			);
			path = Videos;
			sourceTree = "<group>";
		};
		95D6E438276F4D1200C0F1CD /* Sport */ = {
			isa = PBXGroup;
			children = (
				95E79DF027A13AEC00AC36E1 /* CancellableDelayedTask.swift */,
				95E79DEE27A13AEC00AC36E1 /* SimpleRule.swift */,
				95E79DEB27A13AEB00AC36E1 /* Sport.swift */,
				95E79DEF27A13AEC00AC36E1 /* SportState.swift */,
				9545751227BD1B1500129153 /* StandAndJump.swift */,
				954385AC28A35DBF0067AB31 /* LandmarkSegmentRule.swift */,
				954385AE28A36BB10067AB31 /* LandmarkRule.swift */,
				9554A31D28A39A6E00BFFCE6 /* ObservationRule.swift */,
				9554A31F28A3A01B00BFFCE6 /* Rules.swift */,
				9554A32128A3B9D900BFFCE6 /* Ruler.swift */,
			);
			path = Sport;
			sourceTree = "<group>";
		};
		98A745781EE7110026A865CB /* Frameworks */ = {
			isa = PBXGroup;
			children = (
				48FDCE75E1D0340E4ED3BEB2 /* Pods_FilterTheWorld.framework */,
			);
			name = Frameworks;
			sourceTree = "<group>";
		};
		9F69EE4926942A2900746CD7 /* Camera */ = {
			isa = PBXGroup;
			children = (
				9F69EE4B26942A8A00746CD7 /* CameraError.swift */,
				9F69EE4D26942CD500746CD7 /* CameraManager.swift */,
				9F69EE5126957E1300746CD7 /* FrameManager.swift */,
				95BF354A27A16D81006F5D80 /* VideoManager.swift */,
			);
			path = Camera;
			sourceTree = "<group>";
		};
		9F69EE582696F17100746CD7 /* ViewModels */ = {
			isa = PBXGroup;
			children = (
				954AA32A289BBD6A001BEAAF /* CameraViewModel.swift */,
				954AA32B289BBD6A001BEAAF /* SportsReport.swift */,
				95E79E2F27A13D0600AC36E1 /* ImageAnalysis.swift */,
				95E79E3027A13D0600AC36E1 /* LineRecognizer.swift */,
				95E79E3127A13D0600AC36E1 /* SportsManager.swift */,
				95878ECC27DEDD8300F31A9B /* SportsGround.swift */,
				950F555C27EEE71900480F17 /* ObservableState.swift */,
				95B7627327F18C45000DE18C /* AnnotationManager.swift */,
				951FB325283789C200A62931 /* ServiceManager.swift */,
			);
			path = ViewModels;
			sourceTree = "<group>";
		};
		9F69EE612698A1B700746CD7 /* Extensions */ = {
			isa = PBXGroup;
			children = (
				954AA33A289BC207001BEAAF /* UIScreen+Extension.swift */,
				95E79E1C27A13CEC00AC36E1 /* Binding+Extension.swift */,
				95E79E2227A13CED00AC36E1 /* CGFloat+Extension.swift */,
				95E79E1E27A13CEC00AC36E1 /* CGImage+Extension.swift */,
				95E79E2127A13CED00AC36E1 /* CGPoint+Extension.swift */,
				95E79E1A27A13CEC00AC36E1 /* CIImage+Extension.swift */,
				95E79E1D27A13CEC00AC36E1 /* Color+Extension.swift */,
				95E79E1F27A13CED00AC36E1 /* FileManager.swift */,
				95E79E1B27A13CEC00AC36E1 /* PerspectiveTransform+Extension.swift */,
				95E79E1827A13CEC00AC36E1 /* String+Extension.swift */,
				95E79E2027A13CED00AC36E1 /* UIImage+Extension.swift */,
				95E79E1927A13CEC00AC36E1 /* UIImageView.swift */,
				959A61E527D610E600B2818B /* LandmarkInArea+Extension.swift */,
				95878ED227DF277500F31A9B /* UIView+Extension.swift */,
				951ABE49283A6BF8009AB8F6 /* CGRect+Extension.swift */,
				9506B879284A19E600AFF749 /* Date+Extension.swift */,
			);
			path = Extensions;
			sourceTree = "<group>";
		};
/* End PBXGroup section */

/* Begin PBXNativeTarget section */
		18D775BC22AD944300AE281E /* FilterTheWorld */ = {
			isa = PBXNativeTarget;
			buildConfigurationList = 18D775D122AD944400AE281E /* Build configuration list for PBXNativeTarget "FilterTheWorld" */;
			buildPhases = (
				1D97572FD715EC60BDD85D5D /* [CP] Check Pods Manifest.lock */,
				181FE31D248EA6C900A180EA /* SwiftLint */,
				18D775B922AD944300AE281E /* Sources */,
				18D775BA22AD944300AE281E /* Frameworks */,
				18D775BB22AD944300AE281E /* Resources */,
				977276A4C8D96EC5CE310FD7 /* [CP] Embed Pods Frameworks */,
				9E97449D4BA2F6FC26A58DC3 /* [CP] Copy Pods Resources */,
			);
			buildRules = (
			);
			dependencies = (
			);
			name = FilterTheWorld;
			productName = MyRWTutorial;
			productReference = 951FB3222837443500A62931 /* FilterTheWorld.app */;
			productType = "com.apple.product-type.application";
		};
/* End PBXNativeTarget section */

/* Begin PBXProject section */
		18D775B522AD944300AE281E /* Project object */ = {
			isa = PBXProject;
			attributes = {
				KnownAssetTags = (
					New,
				);
				LastSwiftUpdateCheck = 1100;
				LastUpgradeCheck = 1310;
				ORGANIZATIONNAME = "Ray Wenderlich";
				TargetAttributes = {
					18D775BC22AD944300AE281E = {
						CreatedOnToolsVersion = 11.0;
					};
				};
			};
			buildConfigurationList = 18D775B822AD944300AE281E /* Build configuration list for PBXProject "FilterTheWorld" */;
			compatibilityVersion = "Xcode 11.0";
			developmentRegion = en;
			hasScannedForEncodings = 0;
			knownRegions = (
				en,
				Base,
			);
			mainGroup = 18D775B422AD944300AE281E;
			productRefGroup = 18D775B422AD944300AE281E;
			projectDirPath = "";
			projectRoot = "";
			targets = (
				18D775BC22AD944300AE281E /* FilterTheWorld */,
			);
		};
/* End PBXProject section */

/* Begin PBXResourcesBuildPhase section */
		18D775BB22AD944300AE281E /* Resources */ = {
			isa = PBXResourcesBuildPhase;
			buildActionMask = 2147483647;
			files = (
				95F67542277DC8F80049B03A /* kangaroo.usdz in Resources */,
				95AA02CA277959D300C6E340 /* robot.usdz in Resources */,
				18D775D822AD963800AE281E /* LaunchScreen.storyboard in Resources */,
				9575734628519373000447D1 /* items.txt in Resources */,
				95F67546277EA9B90049B03A /* biped_robot.usdz in Resources */,
				9518D31427799B0D0083C215 /* robot.scn in Resources */,
				18D775CA22AD944400AE281E /* Preview Assets.xcassets in Resources */,
				18D775C722AD944400AE281E /* Assets.xcassets in Resources */,
				958F8C332760560500F6DF48 /* labels.txt in Resources */,
				9554E870284316D4002D8345 /* IMG_1389.MOV in Resources */,
			);
			runOnlyForDeploymentPostprocessing = 0;
		};
/* End PBXResourcesBuildPhase section */

/* Begin PBXShellScriptBuildPhase section */
		181FE31D248EA6C900A180EA /* SwiftLint */ = {
			isa = PBXShellScriptBuildPhase;
			buildActionMask = 2147483647;
			files = (
			);
			inputFileListPaths = (
			);
			inputPaths = (
			);
			name = SwiftLint;
			outputFileListPaths = (
			);
			outputPaths = (
			);
			runOnlyForDeploymentPostprocessing = 0;
			shellPath = /bin/sh;
			shellScript = "PATH=/opt/homebrew/bin:$PATH\nif [ -f ~/com.raywenderlich.swiftlint.yml ]; then\n  if which swiftlint >/dev/null; then\n    swiftlint --no-cache --config ~/com.raywenderlich.swiftlint.yml\n  fi\nfi\n";
		};
		1D97572FD715EC60BDD85D5D /* [CP] Check Pods Manifest.lock */ = {
			isa = PBXShellScriptBuildPhase;
			buildActionMask = 2147483647;
			files = (
			);
			inputFileListPaths = (
			);
			inputPaths = (
				"${PODS_PODFILE_DIR_PATH}/Podfile.lock",
				"${PODS_ROOT}/Manifest.lock",
			);
			name = "[CP] Check Pods Manifest.lock";
			outputFileListPaths = (
			);
			outputPaths = (
				"$(DERIVED_FILE_DIR)/Pods-FilterTheWorld-checkManifestLockResult.txt",
			);
			runOnlyForDeploymentPostprocessing = 0;
			shellPath = /bin/sh;
			shellScript = "diff \"${PODS_PODFILE_DIR_PATH}/Podfile.lock\" \"${PODS_ROOT}/Manifest.lock\" > /dev/null\nif [ $? != 0 ] ; then\n    # print error to STDERR\n    echo \"error: The sandbox is not in sync with the Podfile.lock. Run 'pod install' or update your CocoaPods installation.\" >&2\n    exit 1\nfi\n# This output is used by Xcode 'outputs' to avoid re-running this script phase.\necho \"SUCCESS\" > \"${SCRIPT_OUTPUT_FILE_0}\"\n";
			showEnvVarsInLog = 0;
		};
		977276A4C8D96EC5CE310FD7 /* [CP] Embed Pods Frameworks */ = {
			isa = PBXShellScriptBuildPhase;
			buildActionMask = 2147483647;
			files = (
			);
			inputFileListPaths = (
				"${PODS_ROOT}/Target Support Files/Pods-FilterTheWorld/Pods-FilterTheWorld-frameworks-${CONFIGURATION}-input-files.xcfilelist",
			);
			name = "[CP] Embed Pods Frameworks";
			outputFileListPaths = (
				"${PODS_ROOT}/Target Support Files/Pods-FilterTheWorld/Pods-FilterTheWorld-frameworks-${CONFIGURATION}-output-files.xcfilelist",
			);
			runOnlyForDeploymentPostprocessing = 0;
			shellPath = /bin/sh;
			shellScript = "\"${PODS_ROOT}/Target Support Files/Pods-FilterTheWorld/Pods-FilterTheWorld-frameworks.sh\"\n";
			showEnvVarsInLog = 0;
		};
		9E97449D4BA2F6FC26A58DC3 /* [CP] Copy Pods Resources */ = {
			isa = PBXShellScriptBuildPhase;
			buildActionMask = 2147483647;
			files = (
			);
			inputFileListPaths = (
				"${PODS_ROOT}/Target Support Files/Pods-FilterTheWorld/Pods-FilterTheWorld-resources-${CONFIGURATION}-input-files.xcfilelist",
			);
			name = "[CP] Copy Pods Resources";
			outputFileListPaths = (
				"${PODS_ROOT}/Target Support Files/Pods-FilterTheWorld/Pods-FilterTheWorld-resources-${CONFIGURATION}-output-files.xcfilelist",
			);
			runOnlyForDeploymentPostprocessing = 0;
			shellPath = /bin/sh;
			shellScript = "\"${PODS_ROOT}/Target Support Files/Pods-FilterTheWorld/Pods-FilterTheWorld-resources.sh\"\n";
			showEnvVarsInLog = 0;
		};
/* End PBXShellScriptBuildPhase section */

/* Begin PBXSourcesBuildPhase section */
		18D775B922AD944300AE281E /* Sources */ = {
			isa = PBXSourcesBuildPhase;
			buildActionMask = 2147483647;
			files = (
				954B7A4A2843876900904A36 /* VideoView.swift in Sources */,
				95F4853528B28156004753C6 /* ObjectToStateDistanceRuleView.swift in Sources */,
				954AA337289BBE6E001BEAAF /* LandmarkToSelfRuleView+.swift in Sources */,
				954B7A442843657400904A36 /* VideoAnalysisView.swift in Sources */,
				95E79E2827A13CED00AC36E1 /* Color+Extension.swift in Sources */,
				95F4853D28B7B00D004753C6 /* ObjectToStateAngleRuleView.swift in Sources */,
				954AA30A289BBAEB001BEAAF /* SportReportView.swift in Sources */,
				954AA336289BBE6E001BEAAF /* AngleToLandmarkSegmentRuleView.swift in Sources */,
				95A99226283E207400F79FB1 /* LandmarkToStateRuleView+.swift in Sources */,
				958F8C352760560500F6DF48 /* SVC6.mlmodel in Sources */,
				95E79E2C27A13CED00AC36E1 /* CGPoint+Extension.swift in Sources */,
				954AA340289BD894001BEAAF /* yolov5-pipeline-basketball.mlmodel in Sources */,
				958F8C312760560500F6DF48 /* Facenet6.mlmodel in Sources */,
				95E79E0427A13C3000AC36E1 /* Storage.swift in Sources */,
				95E79E0E27A13C9700AC36E1 /* PoseRecognizer.swift in Sources */,
				954AA335289BBE6E001BEAAF /* ObjectToSelfRuleView+.swift in Sources */,
				954B7A4C2843882300904A36 /* Utility.swift in Sources */,
				95A99220283CE0A200F79FB1 /* Constants.swift in Sources */,
				95E79DF827A13AEC00AC36E1 /* CancellableDelayedTask.swift in Sources */,
				954385AD28A35DBF0067AB31 /* LandmarkSegmentRule.swift in Sources */,
				95B7BFE4283668740037EC55 /* ContentView.swift in Sources */,
				95E79E0527A13C3000AC36E1 /* Landmark.swift in Sources */,
				9554E8642841B6FB002D8345 /* ObjectToObjectRuleView.swift in Sources */,
				954AA30B289BBAEB001BEAAF /* CameraPlayingView.swift in Sources */,
				951FB32D2838CDF600A62931 /* SportView.swift in Sources */,
				95E79E0F27A13C9700AC36E1 /* HumanPose.swift in Sources */,
				95E79E0627A13C3000AC36E1 /* LineSegment.swift in Sources */,
				951ABE40283A0CE0009AB8F6 /* FrameView.swift in Sources */,
				951ABE4A283A6BF8009AB8F6 /* CGRect+Extension.swift in Sources */,
				9516BD6A28B0D77C001A8D18 /* LandmarkToStateDistanceRuleView.swift in Sources */,
				95E79E1127A13C9700AC36E1 /* ObjectRecognizer.swift in Sources */,
				95E79E1727A13CBE00AC36E1 /* Point3D.swift in Sources */,
				95E79E2A27A13CED00AC36E1 /* FileManager.swift in Sources */,
				951FB32F2839E57700A62931 /* RuleView.swift in Sources */,
				958F8C322760560500F6DF48 /* FaceRecognizer.swift in Sources */,
				9503DF3B289E069200595514 /* ChildViewSizeReader.swift in Sources */,
				95E79E0D27A13C9700AC36E1 /* UIUtilities.swift in Sources */,
				95A9921D283CDFF200F79FB1 /* LandmarkSegmentLengthRuleView.swift in Sources */,
				9554A31E28A39A6F00BFFCE6 /* ObservationRule.swift in Sources */,
				95F4853728B719F6004753C6 /* LandmarkToStateAngleRuleView.swift in Sources */,
				95E79E1627A13CBE00AC36E1 /* Vector3D.swift in Sources */,
				95E79E1027A13C9700AC36E1 /* RectangleRecoginzer.swift in Sources */,
				9545750527BB846100129153 /* ObjectRecoginzerYOLO.swift in Sources */,
				9545750F27BBA98A00129153 /* Observation.swift in Sources */,
				9554E8622840F468002D8345 /* SportsGroundView.swift in Sources */,
				9554A32028A3A01B00BFFCE6 /* Rules.swift in Sources */,
				95E79E0727A13C3000AC36E1 /* BlackWhiteFilter.swift in Sources */,
				9532A74C27C16A2A0071AF82 /* YOLOv3.mlmodel in Sources */,
				954AA30C289BBAEB001BEAAF /* SporterView.swift in Sources */,
				95A99224283CF5B600F79FB1 /* LandmarkSegmentAngleRuleView.swift in Sources */,
				951FB324283747AB00A62931 /* LoginView.swift in Sources */,
				9F69EE5226957E1300746CD7 /* FrameManager.swift in Sources */,
				95E79E2D27A13CED00AC36E1 /* CGFloat+Extension.swift in Sources */,
				95E79E2427A13CED00AC36E1 /* UIImageView.swift in Sources */,
				950F555727EB04AC00480F17 /* yolov5-pipeline.mlmodel in Sources */,
				95E79E2927A13CED00AC36E1 /* CGImage+Extension.swift in Sources */,
				95BF354B27A16D81006F5D80 /* VideoManager.swift in Sources */,
				951ABE44283A3344009AB8F6 /* UniScrollView.swift in Sources */,
				95435E582845ABD0007139A6 /* VideoAnalysorView.swift in Sources */,
				9506B87A284A19E600AFF749 /* Date+Extension.swift in Sources */,
				95E79E2627A13CED00AC36E1 /* PerspectiveTransform+Extension.swift in Sources */,
				954AA32C289BBD6A001BEAAF /* CameraViewModel.swift in Sources */,
				95E79E3427A13D0600AC36E1 /* LineRecognizer.swift in Sources */,
				95E79E2B27A13CED00AC36E1 /* UIImage+Extension.swift in Sources */,
				950F556227F149B100480F17 /* Annotation.swift in Sources */,
				954AA33E289BC858001BEAAF /* LabelImageView.swift in Sources */,
				951ABE4C283B2555009AB8F6 /* MultiSelector.swift in Sources */,
				95806613289D5EAF006D5219 /* WarningTest.swift in Sources */,
				95878ECD27DEDD8300F31A9B /* SportsGround.swift in Sources */,
				1839F4B025190F2A00BB00F1 /* AppMain.swift in Sources */,
				9F69EE4E26942CD500746CD7 /* CameraManager.swift in Sources */,
				95E79DF327A13AEC00AC36E1 /* Sport.swift in Sources */,
				95E79E2527A13CED00AC36E1 /* CIImage+Extension.swift in Sources */,
				951ABE42283A13A9009AB8F6 /* MediaPicker.swift in Sources */,
				95986F3528406CEE0090B22C /* ObjectToLandmarkRuleView.swift in Sources */,
				9554E8662841C717002D8345 /* LineDrawerView.swift in Sources */,
				954AA32D289BBD6A001BEAAF /* SportsReport.swift in Sources */,
				9545751327BD1B1600129153 /* StandAndJump.swift in Sources */,
				95171C9727CE140B0051249D /* Sporter.swift in Sources */,
				95E79E0327A13C3000AC36E1 /* Card.swift in Sources */,
				95F4853B28B79058004753C6 /* LandmarkSegmentToStateDistanceRuleView.swift in Sources */,
				95E79E3527A13D0600AC36E1 /* SportsManager.swift in Sources */,
				95EE17D2283B8A4B0089CE04 /* SetupRuleView.swift in Sources */,
				95B7627427F18C45000DE18C /* AnnotationManager.swift in Sources */,
				951FB3342839EB1500A62931 /* FramesView.swift in Sources */,
				95F4853F28BB6960004753C6 /* DistanceToLandmarkRuleView.swift in Sources */,
				95986F33283E3E430090B22C /* RuleDescriptionView.swift in Sources */,
				9554E8682841C971002D8345 /* LinesView.swift in Sources */,
				95E79DF627A13AEC00AC36E1 /* SimpleRule.swift in Sources */,
				95E79DF727A13AEC00AC36E1 /* SportState.swift in Sources */,
				950F555D27EEE71900480F17 /* ObservableState.swift in Sources */,
				95A99222283CEF1C00F79FB1 /* LandmarkInAreaRuleView.swift in Sources */,
				9F69EE4C26942A8A00746CD7 /* CameraError.swift in Sources */,
				95E79E2727A13CED00AC36E1 /* Binding+Extension.swift in Sources */,
				959A61E627D610E600B2818B /* LandmarkInArea+Extension.swift in Sources */,
				951FB32B283893A100A62931 /* CardView.swift in Sources */,
				95E79E2327A13CED00AC36E1 /* String+Extension.swift in Sources */,
				9516BD6C28B21A7D001A8D18 /* AngleToLandmarkRuleView.swift in Sources */,
				95E79E3327A13D0600AC36E1 /* ImageAnalysis.swift in Sources */,
				95E79E1527A13CBE00AC36E1 /* Vector2D.swift in Sources */,
				954385AF28A36BB10067AB31 /* LandmarkRule.swift in Sources */,
				951FB329283892F700A62931 /* SportsManagerView.swift in Sources */,
				951ABE48283A6A01009AB8F6 /* ObjectsView.swift in Sources */,
				95F4853928B754A1004753C6 /* LandmarkSegmentToStateAngleRuleView.swift in Sources */,
				951ABE46283A5526009AB8F6 /* PoseView.swift in Sources */,
				954AA33B289BC207001BEAAF /* UIScreen+Extension.swift in Sources */,
				9554A32228A3B9D900BFFCE6 /* Ruler.swift in Sources */,
				95A9921B283C81AB00F79FB1 /* BackgroundClearView.swift in Sources */,
				95A3E60427E2DDEC0005E364 /* Warning.swift in Sources */,
				95878ED327DF277600F31A9B /* UIView+Extension.swift in Sources */,
				9554E86A28431440002D8345 /* VideoPlayerCoreImageView.swift in Sources */,
				95107FF427D73FB600C9C83D /* RoundedString.swift in Sources */,
				951FB326283789C200A62931 /* ServiceManager.swift in Sources */,
			);
			runOnlyForDeploymentPostprocessing = 0;
		};
/* End PBXSourcesBuildPhase section */

/* Begin PBXVariantGroup section */
		18D775DA22AD963800AE281E /* LaunchScreen.storyboard */ = {
			isa = PBXVariantGroup;
			children = (
				18D775DE22AD96B400AE281E /* Base */,
			);
			name = LaunchScreen.storyboard;
			sourceTree = "<group>";
		};
		9518D31627799B0D0083C215 /* robot.scn */ = {
			isa = PBXVariantGroup;
			children = (
				9518D31527799B0D0083C215 /* Base */,
				9518D31727799B130083C215 /* en */,
			);
			name = robot.scn;
			sourceTree = "<group>";
		};
		95AA02CC277959D300C6E340 /* robot.usdz */ = {
			isa = PBXVariantGroup;
			children = (
				9518D31227799AD80083C215 /* en */,
			);
			name = robot.usdz;
			sourceTree = "<group>";
		};
		95F6753E277DC87E0049B03A /* kangaroo.usdz */ = {
			isa = PBXVariantGroup;
			children = (
				95F67540277DC8C10049B03A /* en */,
				95F67544277DC9A80049B03A /* Base */,
			);
			name = kangaroo.usdz;
			sourceTree = "<group>";
		};
/* End PBXVariantGroup section */

/* Begin XCBuildConfiguration section */
		18D775CF22AD944400AE281E /* Debug */ = {
			isa = XCBuildConfiguration;
			buildSettings = {
				ALWAYS_SEARCH_USER_PATHS = NO;
				CLANG_ANALYZER_NONNULL = YES;
				CLANG_ANALYZER_NUMBER_OBJECT_CONVERSION = YES_AGGRESSIVE;
				CLANG_CXX_LANGUAGE_STANDARD = "gnu++14";
				CLANG_CXX_LIBRARY = "libc++";
				CLANG_ENABLE_MODULES = YES;
				CLANG_ENABLE_OBJC_ARC = YES;
				CLANG_ENABLE_OBJC_WEAK = YES;
				CLANG_WARN_BLOCK_CAPTURE_AUTORELEASING = YES;
				CLANG_WARN_BOOL_CONVERSION = YES;
				CLANG_WARN_COMMA = YES;
				CLANG_WARN_CONSTANT_CONVERSION = YES;
				CLANG_WARN_DEPRECATED_OBJC_IMPLEMENTATIONS = YES;
				CLANG_WARN_DIRECT_OBJC_ISA_USAGE = YES_ERROR;
				CLANG_WARN_DOCUMENTATION_COMMENTS = YES;
				CLANG_WARN_EMPTY_BODY = YES;
				CLANG_WARN_ENUM_CONVERSION = YES;
				CLANG_WARN_INFINITE_RECURSION = YES;
				CLANG_WARN_INT_CONVERSION = YES;
				CLANG_WARN_NON_LITERAL_NULL_CONVERSION = YES;
				CLANG_WARN_OBJC_IMPLICIT_RETAIN_SELF = YES;
				CLANG_WARN_OBJC_LITERAL_CONVERSION = YES;
				CLANG_WARN_OBJC_ROOT_CLASS = YES_ERROR;
				CLANG_WARN_QUOTED_INCLUDE_IN_FRAMEWORK_HEADER = YES;
				CLANG_WARN_RANGE_LOOP_ANALYSIS = YES;
				CLANG_WARN_STRICT_PROTOTYPES = YES;
				CLANG_WARN_SUSPICIOUS_MOVE = YES;
				CLANG_WARN_UNGUARDED_AVAILABILITY = YES_AGGRESSIVE;
				CLANG_WARN_UNREACHABLE_CODE = YES;
				CLANG_WARN__DUPLICATE_METHOD_MATCH = YES;
				COPY_PHASE_STRIP = NO;
				DEBUG_INFORMATION_FORMAT = dwarf;
				ENABLE_STRICT_OBJC_MSGSEND = YES;
				ENABLE_TESTABILITY = YES;
				GCC_C_LANGUAGE_STANDARD = gnu11;
				GCC_DYNAMIC_NO_PIC = NO;
				GCC_NO_COMMON_BLOCKS = YES;
				GCC_OPTIMIZATION_LEVEL = 0;
				GCC_PREPROCESSOR_DEFINITIONS = (
					"DEBUG=1",
					"$(inherited)",
				);
				GCC_WARN_64_TO_32_BIT_CONVERSION = YES;
				GCC_WARN_ABOUT_RETURN_TYPE = YES_ERROR;
				GCC_WARN_UNDECLARED_SELECTOR = YES;
				GCC_WARN_UNINITIALIZED_AUTOS = YES_AGGRESSIVE;
				GCC_WARN_UNUSED_FUNCTION = YES;
				GCC_WARN_UNUSED_VARIABLE = YES;
				IPHONEOS_DEPLOYMENT_TARGET = 15.0;
				MTL_ENABLE_DEBUG_INFO = INCLUDE_SOURCE;
				MTL_FAST_MATH = YES;
				ONLY_ACTIVE_ARCH = YES;
				SDKROOT = iphoneos;
				SWIFT_ACTIVE_COMPILATION_CONDITIONS = DEBUG;
				SWIFT_OPTIMIZATION_LEVEL = "-Onone";
				TARGETED_DEVICE_FAMILY = "1,2";
			};
			name = Debug;
		};
		18D775D022AD944400AE281E /* Release */ = {
			isa = XCBuildConfiguration;
			buildSettings = {
				ALWAYS_SEARCH_USER_PATHS = NO;
				CLANG_ANALYZER_NONNULL = YES;
				CLANG_ANALYZER_NUMBER_OBJECT_CONVERSION = YES_AGGRESSIVE;
				CLANG_CXX_LANGUAGE_STANDARD = "gnu++14";
				CLANG_CXX_LIBRARY = "libc++";
				CLANG_ENABLE_MODULES = YES;
				CLANG_ENABLE_OBJC_ARC = YES;
				CLANG_ENABLE_OBJC_WEAK = YES;
				CLANG_WARN_BLOCK_CAPTURE_AUTORELEASING = YES;
				CLANG_WARN_BOOL_CONVERSION = YES;
				CLANG_WARN_COMMA = YES;
				CLANG_WARN_CONSTANT_CONVERSION = YES;
				CLANG_WARN_DEPRECATED_OBJC_IMPLEMENTATIONS = YES;
				CLANG_WARN_DIRECT_OBJC_ISA_USAGE = YES_ERROR;
				CLANG_WARN_DOCUMENTATION_COMMENTS = YES;
				CLANG_WARN_EMPTY_BODY = YES;
				CLANG_WARN_ENUM_CONVERSION = YES;
				CLANG_WARN_INFINITE_RECURSION = YES;
				CLANG_WARN_INT_CONVERSION = YES;
				CLANG_WARN_NON_LITERAL_NULL_CONVERSION = YES;
				CLANG_WARN_OBJC_IMPLICIT_RETAIN_SELF = YES;
				CLANG_WARN_OBJC_LITERAL_CONVERSION = YES;
				CLANG_WARN_OBJC_ROOT_CLASS = YES_ERROR;
				CLANG_WARN_QUOTED_INCLUDE_IN_FRAMEWORK_HEADER = YES;
				CLANG_WARN_RANGE_LOOP_ANALYSIS = YES;
				CLANG_WARN_STRICT_PROTOTYPES = YES;
				CLANG_WARN_SUSPICIOUS_MOVE = YES;
				CLANG_WARN_UNGUARDED_AVAILABILITY = YES_AGGRESSIVE;
				CLANG_WARN_UNREACHABLE_CODE = YES;
				CLANG_WARN__DUPLICATE_METHOD_MATCH = YES;
				COPY_PHASE_STRIP = NO;
				DEBUG_INFORMATION_FORMAT = "dwarf-with-dsym";
				ENABLE_NS_ASSERTIONS = NO;
				ENABLE_STRICT_OBJC_MSGSEND = YES;
				GCC_C_LANGUAGE_STANDARD = gnu11;
				GCC_NO_COMMON_BLOCKS = YES;
				GCC_WARN_64_TO_32_BIT_CONVERSION = YES;
				GCC_WARN_ABOUT_RETURN_TYPE = YES_ERROR;
				GCC_WARN_UNDECLARED_SELECTOR = YES;
				GCC_WARN_UNINITIALIZED_AUTOS = YES_AGGRESSIVE;
				GCC_WARN_UNUSED_FUNCTION = YES;
				GCC_WARN_UNUSED_VARIABLE = YES;
				IPHONEOS_DEPLOYMENT_TARGET = 15.0;
				MTL_ENABLE_DEBUG_INFO = NO;
				MTL_FAST_MATH = YES;
				SDKROOT = iphoneos;
				SWIFT_COMPILATION_MODE = wholemodule;
				SWIFT_OPTIMIZATION_LEVEL = "-O";
				TARGETED_DEVICE_FAMILY = "1,2";
				VALIDATE_PRODUCT = YES;
			};
			name = Release;
		};
		18D775D222AD944400AE281E /* Debug */ = {
			isa = XCBuildConfiguration;
			baseConfigurationReference = C8721D587375FE23A5C550D7 /* Pods-FilterTheWorld.debug.xcconfig */;
			buildSettings = {
				ASSETCATALOG_COMPILER_APPICON_NAME = AppIcon;
				CODE_SIGN_STYLE = Automatic;
				DEVELOPMENT_ASSET_PATHS = "FilterTheWorld/Preview\\ Content";
				DEVELOPMENT_TEAM = H9C66KXD47;
				ENABLE_PREVIEWS = YES;
				INFOPLIST_FILE = FilterTheWorld/Info.plist;
				LD_RUNPATH_SEARCH_PATHS = (
					"$(inherited)",
					"@executable_path/Frameworks",
				);
				MARKETING_VERSION = 2.0;
				PRODUCT_BUNDLE_IDENTIFIER = com.uniwow.FaceId;
				PRODUCT_NAME = "$(TARGET_NAME)";
				SWIFT_VERSION = 5.0;
				TARGETED_DEVICE_FAMILY = "1,2";
			};
			name = Debug;
		};
		18D775D322AD944400AE281E /* Release */ = {
			isa = XCBuildConfiguration;
			baseConfigurationReference = 883C12D31879384B02649B29 /* Pods-FilterTheWorld.release.xcconfig */;
			buildSettings = {
				ASSETCATALOG_COMPILER_APPICON_NAME = AppIcon;
				CODE_SIGN_STYLE = Automatic;
				DEVELOPMENT_ASSET_PATHS = "FilterTheWorld/Preview\\ Content";
				DEVELOPMENT_TEAM = H9C66KXD47;
				ENABLE_PREVIEWS = YES;
				INFOPLIST_FILE = FilterTheWorld/Info.plist;
				LD_RUNPATH_SEARCH_PATHS = (
					"$(inherited)",
					"@executable_path/Frameworks",
				);
				MARKETING_VERSION = 2.0;
				PRODUCT_BUNDLE_IDENTIFIER = com.uniwow.FaceId;
				PRODUCT_NAME = "$(TARGET_NAME)";
				SWIFT_VERSION = 5.0;
				TARGETED_DEVICE_FAMILY = "1,2";
			};
			name = Release;
		};
/* End XCBuildConfiguration section */

/* Begin XCConfigurationList section */
		18D775B822AD944300AE281E /* Build configuration list for PBXProject "FilterTheWorld" */ = {
			isa = XCConfigurationList;
			buildConfigurations = (
				18D775CF22AD944400AE281E /* Debug */,
				18D775D022AD944400AE281E /* Release */,
			);
			defaultConfigurationIsVisible = 0;
			defaultConfigurationName = Release;
		};
		18D775D122AD944400AE281E /* Build configuration list for PBXNativeTarget "FilterTheWorld" */ = {
			isa = XCConfigurationList;
			buildConfigurations = (
				18D775D222AD944400AE281E /* Debug */,
				18D775D322AD944400AE281E /* Release */,
			);
			defaultConfigurationIsVisible = 0;
			defaultConfigurationName = Release;
		};
/* End XCConfigurationList section */
	};
	rootObject = 18D775B522AD944300AE281E /* Project object */;
}
